
Microsoft Visual Studio Solution File, Format Version 12.00
# Visual Studio 14
VisualStudioVersion = 14.0.25420.1
MinimumVisualStudioVersion = 10.0.40219.1
Project("{FAE04EC0-301F-11D3-BF4B-00C04F79EFBC}") = "Prometheus.WebUI", "Prometheus.WebUI\Prometheus.WebUI.csproj", "{577A120A-1DAC-4428-B857-E16E6876F189}"
EndProject
Project("{FAE04EC0-301F-11D3-BF4B-00C04F79EFBC}") = "DataService", "DataService\DataService.csproj", "{7757884F-C8D9-48AC-A4D6-6238D0203431}"
EndProject
Project("{FAE04EC0-301F-11D3-BF4B-00C04F79EFBC}") = "UserManager", "UserManager\UserManager.csproj", "{1A415A6A-0658-40D7-9BA2-938EF6E3210E}"
EndProject
Project("{FAE04EC0-301F-11D3-BF4B-00C04F79EFBC}") = "Common", "Common\Common.csproj", "{0F03BAA4-EC68-446D-BDF4-64C689784DC1}"
EndProject
Project("{FAE04EC0-301F-11D3-BF4B-00C04F79EFBC}") = "ServicePortfolioService", "ServicePortfolioService\ServicePortfolioService.csproj", "{280599D6-A130-4AF9-89F0-D5D36A32C330}"
EndProject
Project("{FAE04EC0-301F-11D3-BF4B-00C04F79EFBC}") = "DependencyResolver", "DependencyResolver\DependencyResolver.csproj", "{E4CAB67D-B6FF-49D5-AA40-554F4EBCB7CB}"
EndProject
Project("{FAE04EC0-301F-11D3-BF4B-00C04F79EFBC}") = "RequestService", "RequestService\RequestService.csproj", "{F30F2BCA-BF2C-4AE9-8960-C07CC395F09C}"
EndProject
Project("{FAE04EC0-301F-11D3-BF4B-00C04F79EFBC}") = "RESTAPI", "RESTAPI\RESTAPI.csproj", "{CD3E5559-26B0-4AE6-97DC-B14DCE8A7DA5}"
EndProject
Project("{FAE04EC0-301F-11D3-BF4B-00C04F79EFBC}") = "ServiceFulfillmentEngineWebJob", "ServiceFulfillmentEngineWebJob\ServiceFulfillmentEngineWebJob.csproj", "{504C4DEA-44E8-48D1-A9C8-63960236849F}"
EndProject
Project("{FAE04EC0-301F-11D3-BF4B-00C04F79EFBC}") = "ServicePortfolioServiceTests", "ServicePortfolioServiceTests\ServicePortfolioServiceTests.csproj", "{3A878D44-A441-47B1-BF4B-2875A0263CEF}"
EndProject
Project("{FAE04EC0-301F-11D3-BF4B-00C04F79EFBC}") = "RequestServiceTests", "RequestServiceTests\RequestServiceTests.csproj", "{38F76653-A193-4BE7-8412-6B54E6980EA7}"
EndProject
Project("{FAE04EC0-301F-11D3-BF4B-00C04F79EFBC}") = "UserManagerTests", "UserManagerTests\UserManagerTests.csproj", "{891C6F36-A896-4CE7-BA73-9D40BB5BBC59}"
EndProject
Project("{FAE04EC0-301F-11D3-BF4B-00C04F79EFBC}") = "Prometheus.WebUITests", "Prometheus.WebUITests\Prometheus.WebUITests.csproj", "{8F9DC4D7-D3D7-4A72-9EDB-1583E5B59260}"
EndProject
Project("{FAE04EC0-301F-11D3-BF4B-00C04F79EFBC}") = "CommonTests", "CommonTests\CommonTests.csproj", "{73CB2F65-3A33-4EFB-97E0-36A088D6A9CA}"
EndProject
Project("{FAE04EC0-301F-11D3-BF4B-00C04F79EFBC}") = "ServiceFulfillmentEngineWebJobTests", "ServiceFulfillmentEngineWebJobTests\ServiceFulfillmentEngineWebJobTests.csproj", "{A9BC9270-873D-4FB3-973B-6AD92431F913}"
EndProject
Project("{FAE04EC0-301F-11D3-BF4B-00C04F79EFBC}") = "RESTAPITests", "RESTAPITests\RESTAPITests.csproj", "{A5CDB49E-9409-4F49-A733-243978EDF2F3}"
EndProject
Global
	GlobalSection(SolutionConfigurationPlatforms) = preSolution
		Debug|Any CPU = Debug|Any CPU
		Release|Any CPU = Release|Any CPU
	EndGlobalSection
	GlobalSection(ProjectConfigurationPlatforms) = postSolution
		{577A120A-1DAC-4428-B857-E16E6876F189}.Debug|Any CPU.ActiveCfg = Debug|Any CPU
		{577A120A-1DAC-4428-B857-E16E6876F189}.Debug|Any CPU.Build.0 = Debug|Any CPU
		{577A120A-1DAC-4428-B857-E16E6876F189}.Release|Any CPU.ActiveCfg = Release|Any CPU
		{577A120A-1DAC-4428-B857-E16E6876F189}.Release|Any CPU.Build.0 = Release|Any CPU
		{7757884F-C8D9-48AC-A4D6-6238D0203431}.Debug|Any CPU.ActiveCfg = Debug|Any CPU
		{7757884F-C8D9-48AC-A4D6-6238D0203431}.Debug|Any CPU.Build.0 = Debug|Any CPU
		{7757884F-C8D9-48AC-A4D6-6238D0203431}.Release|Any CPU.ActiveCfg = Release|Any CPU
		{7757884F-C8D9-48AC-A4D6-6238D0203431}.Release|Any CPU.Build.0 = Release|Any CPU
		{1A415A6A-0658-40D7-9BA2-938EF6E3210E}.Debug|Any CPU.ActiveCfg = Debug|Any CPU
		{1A415A6A-0658-40D7-9BA2-938EF6E3210E}.Debug|Any CPU.Build.0 = Debug|Any CPU
		{1A415A6A-0658-40D7-9BA2-938EF6E3210E}.Release|Any CPU.ActiveCfg = Release|Any CPU
		{1A415A6A-0658-40D7-9BA2-938EF6E3210E}.Release|Any CPU.Build.0 = Release|Any CPU
		{0F03BAA4-EC68-446D-BDF4-64C689784DC1}.Debug|Any CPU.ActiveCfg = Debug|Any CPU
		{0F03BAA4-EC68-446D-BDF4-64C689784DC1}.Debug|Any CPU.Build.0 = Debug|Any CPU
		{0F03BAA4-EC68-446D-BDF4-64C689784DC1}.Release|Any CPU.ActiveCfg = Release|Any CPU
		{0F03BAA4-EC68-446D-BDF4-64C689784DC1}.Release|Any CPU.Build.0 = Release|Any CPU
		{280599D6-A130-4AF9-89F0-D5D36A32C330}.Debug|Any CPU.ActiveCfg = Debug|Any CPU
		{280599D6-A130-4AF9-89F0-D5D36A32C330}.Debug|Any CPU.Build.0 = Debug|Any CPU
		{280599D6-A130-4AF9-89F0-D5D36A32C330}.Release|Any CPU.ActiveCfg = Release|Any CPU
		{280599D6-A130-4AF9-89F0-D5D36A32C330}.Release|Any CPU.Build.0 = Release|Any CPU
		{E4CAB67D-B6FF-49D5-AA40-554F4EBCB7CB}.Debug|Any CPU.ActiveCfg = Debug|Any CPU
		{E4CAB67D-B6FF-49D5-AA40-554F4EBCB7CB}.Debug|Any CPU.Build.0 = Debug|Any CPU
		{E4CAB67D-B6FF-49D5-AA40-554F4EBCB7CB}.Release|Any CPU.ActiveCfg = Release|Any CPU
		{E4CAB67D-B6FF-49D5-AA40-554F4EBCB7CB}.Release|Any CPU.Build.0 = Release|Any CPU
		{F30F2BCA-BF2C-4AE9-8960-C07CC395F09C}.Debug|Any CPU.ActiveCfg = Debug|Any CPU
		{F30F2BCA-BF2C-4AE9-8960-C07CC395F09C}.Debug|Any CPU.Build.0 = Debug|Any CPU
		{F30F2BCA-BF2C-4AE9-8960-C07CC395F09C}.Release|Any CPU.ActiveCfg = Release|Any CPU
		{F30F2BCA-BF2C-4AE9-8960-C07CC395F09C}.Release|Any CPU.Build.0 = Release|Any CPU
		{CD3E5559-26B0-4AE6-97DC-B14DCE8A7DA5}.Debug|Any CPU.ActiveCfg = Debug|Any CPU
		{CD3E5559-26B0-4AE6-97DC-B14DCE8A7DA5}.Debug|Any CPU.Build.0 = Debug|Any CPU
		{CD3E5559-26B0-4AE6-97DC-B14DCE8A7DA5}.Release|Any CPU.ActiveCfg = Release|Any CPU
		{CD3E5559-26B0-4AE6-97DC-B14DCE8A7DA5}.Release|Any CPU.Build.0 = Release|Any CPU
		{504C4DEA-44E8-48D1-A9C8-63960236849F}.Debug|Any CPU.ActiveCfg = Debug|Any CPU
		{504C4DEA-44E8-48D1-A9C8-63960236849F}.Debug|Any CPU.Build.0 = Debug|Any CPU
		{504C4DEA-44E8-48D1-A9C8-63960236849F}.Release|Any CPU.ActiveCfg = Release|Any CPU
		{504C4DEA-44E8-48D1-A9C8-63960236849F}.Release|Any CPU.Build.0 = Release|Any CPU
		{3A878D44-A441-47B1-BF4B-2875A0263CEF}.Debug|Any CPU.ActiveCfg = Debug|Any CPU
		{3A878D44-A441-47B1-BF4B-2875A0263CEF}.Debug|Any CPU.Build.0 = Debug|Any CPU
		{3A878D44-A441-47B1-BF4B-2875A0263CEF}.Release|Any CPU.ActiveCfg = Release|Any CPU
		{3A878D44-A441-47B1-BF4B-2875A0263CEF}.Release|Any CPU.Build.0 = Release|Any CPU
		{38F76653-A193-4BE7-8412-6B54E6980EA7}.Debug|Any CPU.ActiveCfg = Debug|Any CPU
		{38F76653-A193-4BE7-8412-6B54E6980EA7}.Debug|Any CPU.Build.0 = Debug|Any CPU
		{38F76653-A193-4BE7-8412-6B54E6980EA7}.Release|Any CPU.ActiveCfg = Release|Any CPU
		{38F76653-A193-4BE7-8412-6B54E6980EA7}.Release|Any CPU.Build.0 = Release|Any CPU
		{891C6F36-A896-4CE7-BA73-9D40BB5BBC59}.Debug|Any CPU.ActiveCfg = Debug|Any CPU
		{891C6F36-A896-4CE7-BA73-9D40BB5BBC59}.Debug|Any CPU.Build.0 = Debug|Any CPU
		{891C6F36-A896-4CE7-BA73-9D40BB5BBC59}.Release|Any CPU.ActiveCfg = Release|Any CPU
		{891C6F36-A896-4CE7-BA73-9D40BB5BBC59}.Release|Any CPU.Build.0 = Release|Any CPU
		{8F9DC4D7-D3D7-4A72-9EDB-1583E5B59260}.Debug|Any CPU.ActiveCfg = Debug|Any CPU
		{8F9DC4D7-D3D7-4A72-9EDB-1583E5B59260}.Debug|Any CPU.Build.0 = Debug|Any CPU
		{8F9DC4D7-D3D7-4A72-9EDB-1583E5B59260}.Release|Any CPU.ActiveCfg = Release|Any CPU
		{8F9DC4D7-D3D7-4A72-9EDB-1583E5B59260}.Release|Any CPU.Build.0 = Release|Any CPU
		{73CB2F65-3A33-4EFB-97E0-36A088D6A9CA}.Debug|Any CPU.ActiveCfg = Debug|Any CPU
		{73CB2F65-3A33-4EFB-97E0-36A088D6A9CA}.Debug|Any CPU.Build.0 = Debug|Any CPU
		{73CB2F65-3A33-4EFB-97E0-36A088D6A9CA}.Release|Any CPU.ActiveCfg = Release|Any CPU
		{73CB2F65-3A33-4EFB-97E0-36A088D6A9CA}.Release|Any CPU.Build.0 = Release|Any CPU
		{A9BC9270-873D-4FB3-973B-6AD92431F913}.Debug|Any CPU.ActiveCfg = Debug|Any CPU
		{A9BC9270-873D-4FB3-973B-6AD92431F913}.Debug|Any CPU.Build.0 = Debug|Any CPU
		{A9BC9270-873D-4FB3-973B-6AD92431F913}.Release|Any CPU.ActiveCfg = Release|Any CPU
		{A9BC9270-873D-4FB3-973B-6AD92431F913}.Release|Any CPU.Build.0 = Release|Any CPU
		{A5CDB49E-9409-4F49-A733-243978EDF2F3}.Debug|Any CPU.ActiveCfg = Debug|Any CPU
		{A5CDB49E-9409-4F49-A733-243978EDF2F3}.Debug|Any CPU.Build.0 = Debug|Any CPU
		{A5CDB49E-9409-4F49-A733-243978EDF2F3}.Release|Any CPU.ActiveCfg = Release|Any CPU
		{A5CDB49E-9409-4F49-A733-243978EDF2F3}.Release|Any CPU.Build.0 = Release|Any CPU
	EndGlobalSection
	GlobalSection(SolutionProperties) = preSolution
		HideSolutionNode = FALSE
	EndGlobalSection
EndGlobal
