
Microsoft Visual Studio Solution File, Format Version 12.00
# Visual Studio 14
VisualStudioVersion = 14.0.25420.1
MinimumVisualStudioVersion = 10.0.40219.1
Project("{FAE04EC0-301F-11D3-BF4B-00C04F79EFBC}") = "Prometheus.WebUI", "Prometheus.WebUI\Prometheus.WebUI.csproj", "{577A120A-1DAC-4428-B857-E16E6876F189}"
EndProject
Project("{FAE04EC0-301F-11D3-BF4B-00C04F79EFBC}") = "DataService", "DataService\DataService.csproj", "{7757884F-C8D9-48AC-A4D6-6238D0203431}"
EndProject
Project("{FAE04EC0-301F-11D3-BF4B-00C04F79EFBC}") = "TestConsoleApp", "TestConsoleApp\TestConsoleApp.csproj", "{337E1B2B-F088-466A-8FAB-74C6225CD1F7}"
EndProject
Project("{FAE04EC0-301F-11D3-BF4B-00C04F79EFBC}") = "ServicePortfolio", "ServicePortfolio\ServicePortfolio.csproj", "{42E1113B-C696-4C66-B144-338E650254CA}"
EndProject
Project("{FAE04EC0-301F-11D3-BF4B-00C04F79EFBC}") = "UserManager", "UserManager\UserManager.csproj", "{1A415A6A-0658-40D7-9BA2-938EF6E3210E}"
EndProject
Project("{FAE04EC0-301F-11D3-BF4B-00C04F79EFBC}") = "Common", "Common\Common.csproj", "{0F03BAA4-EC68-446D-BDF4-64C689784DC1}"
EndProject
Global
	GlobalSection(SolutionConfigurationPlatforms) = preSolution
		Debug|Any CPU = Debug|Any CPU
		Release|Any CPU = Release|Any CPU
	EndGlobalSection
	GlobalSection(ProjectConfigurationPlatforms) = postSolution
		{577A120A-1DAC-4428-B857-E16E6876F189}.Debug|Any CPU.ActiveCfg = Debug|Any CPU
		{577A120A-1DAC-4428-B857-E16E6876F189}.Debug|Any CPU.Build.0 = Debug|Any CPU
		{577A120A-1DAC-4428-B857-E16E6876F189}.Release|Any CPU.ActiveCfg = Release|Any CPU
		{577A120A-1DAC-4428-B857-E16E6876F189}.Release|Any CPU.Build.0 = Release|Any CPU
		{7757884F-C8D9-48AC-A4D6-6238D0203431}.Debug|Any CPU.ActiveCfg = Debug|Any CPU
		{7757884F-C8D9-48AC-A4D6-6238D0203431}.Debug|Any CPU.Build.0 = Debug|Any CPU
		{7757884F-C8D9-48AC-A4D6-6238D0203431}.Release|Any CPU.ActiveCfg = Release|Any CPU
		{7757884F-C8D9-48AC-A4D6-6238D0203431}.Release|Any CPU.Build.0 = Release|Any CPU
		{337E1B2B-F088-466A-8FAB-74C6225CD1F7}.Debug|Any CPU.ActiveCfg = Debug|Any CPU
		{337E1B2B-F088-466A-8FAB-74C6225CD1F7}.Debug|Any CPU.Build.0 = Debug|Any CPU
		{337E1B2B-F088-466A-8FAB-74C6225CD1F7}.Release|Any CPU.ActiveCfg = Release|Any CPU
		{337E1B2B-F088-466A-8FAB-74C6225CD1F7}.Release|Any CPU.Build.0 = Release|Any CPU
		{42E1113B-C696-4C66-B144-338E650254CA}.Debug|Any CPU.ActiveCfg = Debug|Any CPU
		{42E1113B-C696-4C66-B144-338E650254CA}.Debug|Any CPU.Build.0 = Debug|Any CPU
		{42E1113B-C696-4C66-B144-338E650254CA}.Release|Any CPU.ActiveCfg = Release|Any CPU
		{42E1113B-C696-4C66-B144-338E650254CA}.Release|Any CPU.Build.0 = Release|Any CPU
		{1A415A6A-0658-40D7-9BA2-938EF6E3210E}.Debug|Any CPU.ActiveCfg = Debug|Any CPU
		{1A415A6A-0658-40D7-9BA2-938EF6E3210E}.Debug|Any CPU.Build.0 = Debug|Any CPU
		{1A415A6A-0658-40D7-9BA2-938EF6E3210E}.Release|Any CPU.ActiveCfg = Release|Any CPU
		{1A415A6A-0658-40D7-9BA2-938EF6E3210E}.Release|Any CPU.Build.0 = Release|Any CPU
		{0F03BAA4-EC68-446D-BDF4-64C689784DC1}.Debug|Any CPU.ActiveCfg = Debug|Any CPU
		{0F03BAA4-EC68-446D-BDF4-64C689784DC1}.Debug|Any CPU.Build.0 = Debug|Any CPU
		{0F03BAA4-EC68-446D-BDF4-64C689784DC1}.Release|Any CPU.ActiveCfg = Release|Any CPU
		{0F03BAA4-EC68-446D-BDF4-64C689784DC1}.Release|Any CPU.Build.0 = Release|Any CPU
	EndGlobalSection
	GlobalSection(SolutionProperties) = preSolution
		HideSolutionNode = FALSE
	EndGlobalSection
EndGlobal
